
Microsoft Visual Studio Solution File, Format Version 12.00
# Visual Studio Version 17
VisualStudioVersion = 17.3.32929.385
MinimumVisualStudioVersion = 10.0.40219.1
Project("{9A19103F-16F7-4668-BE54-9A1E7A4F7556}") = "WCU", "WCU.csproj", "{A43EB986-343F-424A-B88C-DDDF47D941EB}"
EndProject
Global
	GlobalSection(SolutionConfigurationPlatforms) = preSolution
		Debug|Any CPU = Debug|Any CPU
		Release|Any CPU = Release|Any CPU
	EndGlobalSection
	GlobalSection(ProjectConfigurationPlatforms) = postSolution
		{A43EB986-343F-424A-B88C-DDDF47D941EB}.Debug|Any CPU.ActiveCfg = Debug|Any CPU
		{A43EB986-343F-424A-B88C-DDDF47D941EB}.Debug|Any CPU.Build.0 = Debug|Any CPU
		{A43EB986-343F-424A-B88C-DDDF47D941EB}.Release|Any CPU.ActiveCfg = Release|Any CPU
		{A43EB986-343F-424A-B88C-DDDF47D941EB}.Release|Any CPU.Build.0 = Release|Any CPU
	EndGlobalSection
	GlobalSection(SolutionProperties) = preSolution
		HideSolutionNode = FALSE
	EndGlobalSection
	GlobalSection(ExtensibilityGlobals) = postSolution
		SolutionGuid = {9CD83CC4-47FD-415E-8C4E-AF73EF6D50F8}
	EndGlobalSection
EndGlobal
